github.com/caarlos0/env v3.5.0+incompatible h1:Yy0UN8o9Wtr/jGHZDpCBLpNrzcFLLM2yixi/rBrKyJs=
github.com/caarlos0/env v3.5.0+incompatible/go.mod h1:tdCsowwCzMLdkqRYDlHpZCp2UooDD3MspDBjZ2AD02Y=
github.com/coreos/go-systemd v0.0.0-20190321100706-95778dfbb74e/go.mod h1:F5haX7vjVVG0kc13fIWeqUViNPyEJxv/OmvnBo0Yme4=
github.com/davecgh/go-spew v1.1.0/go.mod h1:J7Y8YcW2NihsgmVo/mv3lAwl/skON4iLHjSsI+c5H38=
github.com/davecgh/go-spew v1.1.0/go.mod h1:J7Y8YcW2NihsgmVo/mv3lAwl/skON4iLHjSsI+c5H38=
github.com/davecgh/go-spew v1.1.1 h1:vj9j/u1bqnvCEfJOwUhtlOARqs3+rkHYY13jYWTU97c=
github.com/davecgh/go-spew v1.1.1/go.mod h1:J7Y8YcW2NihsgmVo/mv3lAwl/skON4iLHjSsI+c5H38=
github.com/davecgh/go-spew v1.1.1/go.mod h1:J7Y8YcW2NihsgmVo/mv3lAwl/skON4iLHjSsI+c5H38=
github.com/dgrijalva/jwt-go v3.2.0+incompatible h1:7qlOGliEKZXTDg6OTjfoBKDXWrumCAMpl/TFQ4/5kLM=
github.com/dgrijalva/jwt-go v3.2.0+incompatible/go.mod h1:E3ru+11k8xSBh+hMPgOLZmtrrCbhqsmaPHjLKYnJCaQ=
github.com/go-chi/chi v4.1.1+incompatible h1:MmTgB0R8Bt/jccxp+t6S/1VGIKdJw5J74CK/c9tTfA4=
github.com/go-chi/chi v4.1.1+incompatible/go.mod h1:eB3wogJHnLi3x/kFX2A+IbTBlXxmMeXJVKy9tTv1XzQ=
github.com/go-chi/render v1.0.1 h1:4/5tis2cKaNdnv9zFLfXzcquC9HbeZgCnxGnKrltBS8=
github.com/go-chi/render v1.0.1/go.mod h1:pq4Rr7HbnsdaeHagklXub+p6Wd16Af5l9koip1OvJns=
github.com/go-playground/assert/v2 v2.0.1/go.mod h1:VDjEfimB/XKnb+ZQfWdccd7VUvScMdVu0Titje2rxJ4=
github.com/go-playground/locales v0.13.0 h1:HyWk6mgj5qFqCT5fjGBuRArbVDfE4hi8+e8ceBS/t7Q=
github.com/go-playground/locales v0.13.0/go.mod h1:taPMhCMXrRLJO55olJkUXHZBHCxTMfnGwq/HNwmWNS8=
github.com/go-playground/universal-translator v0.17.0 h1:icxd5fm+REJzpZx7ZfpaD876Lmtgy7VtROAbHHXk8no=
github.com/go-playground/universal-translator v0.17.0/go.mod h1:UkSxE5sNxxRwHyU+Scu5vgOQjsIJAF8j9muTVoKLVtA=
github.com/go-playground/validator v9.31.0+incompatible h1:UA72EPEogEnq76ehGdEDp4Mit+3FDh548oRqwVgNsHA=
github.com/go-playground/validator v9.31.0+incompatible/go.mod h1:yrEkQXlcI+PugkyDjY2bRrL/UBU4f3rvrgkN3V8JEig=
github.com/go-playground/validator/v10 v10.2.0 h1:KgJ0snyC2R9VXYN2rneOtQcw5aHQB1Vv0sFl1UcHBOY=
github.com/go-playground/validator/v10 v10.2.0/go.mod h1:uOYAAleCW8F/7oMFd6aG0GOhaH6EGOAJShg8Id5JGkI=
github.com/google/go-cmp v0.2.0/go.mod h1:oXzfMopK8JAjlY9xF4vHSVASa0yLyX7SntLO5aqRK0M=
github.com/google/subcommands v1.0.1 h1:/eqq+otEXm5vhfBrbREPCSVQbvofip6kIz+mX5TUH7k=
github.com/google/subcommands v1.0.1/go.mod h1:ZjhPrFU+Olkh9WazFPsl27BQ4UPiG37m3yTrtFlrHVk=
github.com/google/wire v0.4.0 h1:kXcsA/rIGzJImVqPdhfnr6q0xsS9gU0515q1EPpJ9fE=
github.com/google/wire v0.4.0/go.mod h1:ngWDr9Qvq3yZA10YrxfyGELY/AFWGVpy9c1LTRi1EoU=
github.com/kljensen/snowball v0.6.0 h1:6DZLCcZeL0cLfodx+Md4/OLC6b/bfurWUOUGs1ydfOU=
github.com/kljensen/snowball v0.6.0/go.mod h1:27N7E8fVU5H68RlUmnWwZCfxgt4POBJfENGMvNRhldw=
github.com/kr/pretty v0.2.0 h1:s5hAObm+yFO5uHYt5dYjxi2rXrsnmRpJx4OYvIWUaQs=
github.com/kr/pretty v0.2.0/go.mod h1:ipq/a2n7PKx3OHsz4KJII5eveXtPO4qwEXGdVfWzfnI=
github.com/kr/pretty v0.2.0/go.mod h1:ipq/a2n7PKx3OHsz4KJII5eveXtPO4qwEXGdVfWzfnI=
github.com/kr/pty v1.1.1/go.mod h1:pFQYn66WHrOpPYNljwOMqo10TkYh1fy3cYio2l3bCsQ=
github.com/kr/pty v1.1.1/go.mod h1:pFQYn66WHrOpPYNljwOMqo10TkYh1fy3cYio2l3bCsQ=
github.com/kr/text v0.1.0 h1:45sCR5RtlFHMR4UwH9sdQ5TC8v0qDQCHnXt+kaKSTVE=
github.com/kr/text v0.1.0/go.mod h1:4Jbv+DJW3UT/LiOwJeYQe1efqtUx/iVham/4vfdArNI=
github.com/kr/text v0.1.0/go.mod h1:4Jbv+DJW3UT/LiOwJeYQe1efqtUx/iVham/4vfdArNI=
github.com/labstack/echo v1.4.4 h1:1bEiBNeGSUKxcPDGfZ/7IgdhJJZx8wV/pICJh4W2NJI=
github.com/labstack/echo v3.3.10+incompatible h1:pGRcYk231ExFAyoAjAfD85kQzRJCRI8bbnE7CX5OEgg=
github.com/labstack/echo/v4 v4.1.10/go.mod h1:i541M3Fj6f76NZtHSj7TXnyM8n2gaodfvfxNnFqi74g=
github.com/labstack/echo/v4 v4.1.16 h1:8swiwjE5Jkai3RPfZoahp8kjVCRNq+y7Q0hPji2Kz0o=
github.com/labstack/echo/v4 v4.1.16/go.mod h1:awO+5TzAjvL8XpibdsfXxPgHr+orhtXZJZIQCVjogKI=
github.com/labstack/gommon v0.3.0 h1:JEeO0bvc78PKdyHxloTKiF8BD5iGrH8T6MSeGvSgob0=
github.com/labstack/gommon v0.3.0/go.mod h1:MULnywXg0yavhxWKc+lOruYdAhDwPK9wf0OL7NoOu+k=
github.com/leodido/go-urn v1.2.0 h1:hpXL4XnriNwQ/ABnpepYM/1vCLWNDfUNts8dX3xTG6Y=
github.com/leodido/go-urn v1.2.0/go.mod h1:+8+nEpDfqqsY+g338gtMEUOtuK+4dEMhiQEgxpxOKII=
github.com/mattn/go-colorable v0.1.2/go.mod h1:U0ppj6V5qS13XJ6of8GYAs25YV2eR4EVcfRqFIhoBtE=
github.com/mattn/go-colorable v0.1.6 h1:6Su7aK7lXmJ/U79bYtBjLNaha4Fs1Rg9plHpcH+vvnE=
github.com/mattn/go-colorable v0.1.6/go.mod h1:u6P/XSegPjTcexA+o6vUJrdnUu04hMope9wVRipJSqc=
github.com/mattn/go-isatty v0.0.8/go.mod h1:Iq45c/XA43vh69/j3iqttzPXn0bhXyGjM0Hdxcsrc5s=
github.com/mattn/go-isatty v0.0.9/go.mod h1:YNRxwqDuOph6SZLI9vUUz6OYw3QyUt7WiY2yME+cCiQ=
github.com/mattn/go-isatty v0.0.12 h1:wuysRhFDzyxgEmMf5xjvJ2M9dZoWAXNNr5LSBS7uHXY=
github.com/mattn/go-isatty v0.0.12/go.mod h1:cbi8OIDigv2wuxKPP5vlRcQ1OAZbq2CE4Kysco4FUpU=
github.com/pkg/errors v0.8.1 h1:iURUrRGxPUNPdy5/HRSm+Yj6okJ6UtLINN0Q9M4+h3I=
github.com/pkg/errors v0.8.1/go.mod h1:bwawxfHBFNV+L2hUp1rHADufV3IMtnDRdf1r5NINEl0=
github.com/pmezard/go-difflib v1.0.0 h1:4DBwDE0NGyQoBHbLQYPwSUPoCMWR5BEzIk/f1lZbAQM=
github.com/pmezard/go-difflib v1.0.0/go.mod h1:iKH77koFhYxTK1pcRnkKkqfTogsbg7gZNVY4sRDYZ/4=
github.com/pmezard/go-difflib v1.0.0/go.mod h1:iKH77koFhYxTK1pcRnkKkqfTogsbg7gZNVY4sRDYZ/4=
github.com/rs/xid v1.2.1/go.mod h1:+uKXf+4Djp6Md1KODXJxgGQPKngRmWyn10oCKFzNHOQ=
github.com/rs/zerolog v1.15.0/go.mod h1:xYTKnLHcpfU2225ny5qZjxnj9NvkumZYjJHlAThCjNc=
github.com/rs/zerolog v1.18.0 h1:CbAm3kP2Tptby1i9sYy2MGRg0uxIN9cyDb59Ys7W8z8=
github.com/rs/zerolog v1.18.0/go.mod h1:9nvC1axdVrAHcu/s9taAVfBuIdTZLVQmKQyvrUjF5+I=
github.com/stretchr/objx v0.1.0/go.mod h1:HFkY916IF+rwdDfMAkV7OtwuqBVzrE8GR6GFx+wExME=
github.com/stretchr/objx v0.1.0/go.mod h1:HFkY916IF+rwdDfMAkV7OtwuqBVzrE8GR6GFx+wExME=
github.com/stretchr/testify v1.4.0 h1:2E4SXV/wtOkTonXsotYi4li6zVWxYlZuYNCXe9XRJyk=
github.com/stretchr/testify v1.4.0/go.mod h1:j7eGeouHqKxXV5pUuKE4zz7dFj8WfuZ+81PSLYec5m4=
github.com/stretchr/testify v1.5.1/go.mod h1:5W2xD1RspED5o8YsWQXVCued0rvSQ+mT+I5cxcmMvtA=
github.com/valyala/bytebufferpool v1.0.0 h1:GqA5TC/0021Y/b9FG4Oi9Mr3q7XYx6KllzawFIhcdPw=
github.com/valyala/bytebufferpool v1.0.0/go.mod h1:6bBcMArwyJ5K/AmCkWv1jt77kVWyCJ6HpOuEn7z0Csc=
github.com/valyala/fasttemplate v1.0.1/go.mod h1:UQGH1tvbgY+Nz5t2n7tXsz52dQxojPUpymEIMZ47gx8=
github.com/valyala/fasttemplate v1.1.0 h1:RZqt0yGBsps8NGvLSGW804QQqCUYYLsaOjTVHy1Ocw4=
github.com/valyala/fasttemplate v1.1.0/go.mod h1:UQGH1tvbgY+Nz5t2n7tXsz52dQxojPUpymEIMZ47gx8=
github.com/xlab/closer v0.0.0-20190328110542-03326addb7c2 h1:LPYwXwwHigHHFX3SFa9W9zBIa5reyaLJos2e95eHh68=
github.com/xlab/closer v0.0.0-20190328110542-03326addb7c2/go.mod h1:Y8IYP9aVODN3Vnw1FCqygCG5IWyYBeBlZqQ5aX+fHFw=
github.com/zenazn/goji v0.9.0/go.mod h1:7S9M489iMyHBNxwZnk9/EHS098H4/F6TATF2mIxtB1Q=
github.com/ziflex/lecho v1.2.0 h1:/ykfd7V/aTsWUYNFimgbdhUiEMnWzvNaCxtbM/LX5F8=
github.com/ziflex/lecho/v2 v2.0.0 h1:ggrWF5LaGAC+Y+WX71jFK7uYR7cUFbHjIgGqCyrYC5Q=
github.com/ziflex/lecho/v2 v2.0.0/go.mod h1:s7dy9Fynjx6z+/7xE2BsK13vXIS3oQoo4ZaKXYG5xUs=
github.com/zoomio/stopwords v0.5.0 h1:Dbx/Jb6RjZhL1NmCKTVZaC8ZIzAeAnEcjFK/TfgRuLs=
github.com/zoomio/stopwords v0.5.0/go.mod h1:quxF+kQ5p3VEhvmINw1V4ULJHI8s6xwscKlqSWt8Va8=
golang.org/x/crypto v0.0.0-20190308221718-c2843e01d9a2/go.mod h1:djNgcEr1/C05ACkg1iLfiJU5Ep61QUkGW8qpdssI0+w=
golang.org/x/crypto v0.0.0-20190701094942-4def268fd1a4/go.mod h1:yigFU9vqHzYiE8UmvKecakEJjdnWj3jj499lnFckfCI=
golang.org/x/crypto v0.0.0-20200221231518-2aa609cf4a9d h1:1ZiEyfaQIg3Qh0EoqpwAakHVhecoE5wlSg5GjnafJGw=
golang.org/x/crypto v0.0.0-20200221231518-2aa609cf4a9d/go.mod h1:LzIPMQfyMNhhGPhUkYOs5KpL4U8rLKemX1yGLhDgUto=
golang.org/x/net v0.0.0-20190311183353-d8887717615a/go.mod h1:t9HGtf8HONx5eT2rtn7q6eTqICYqUVnKs3thJo3Qplg=
golang.org/x/net v0.0.0-20190404232315-eb5bcb51f2a3/go.mod h1:t9HGtf8HONx5eT2rtn7q6eTqICYqUVnKs3thJo3Qplg=
golang.org/x/net v0.0.0-20190620200207-3b0461eec859 h1:R/3boaszxrf1GEUWTVDzSKVwLmSJpwZ1yqXm8j0v2QI=
golang.org/x/net v0.0.0-20190620200207-3b0461eec859/go.mod h1:z5CRVTTTmAJ677TzLLGU+0bjPO0LkuOLi4/5GtJWs/s=
golang.org/x/net v0.0.0-20200226121028-0de0cce0169b h1:0mm1VjtFUOIlE1SbDlwjYaDxZVDP2S5ou6y0gSgXHu8=
golang.org/x/net v0.0.0-20200226121028-0de0cce0169b/go.mod h1:z5CRVTTTmAJ677TzLLGU+0bjPO0LkuOLi4/5GtJWs/s=
golang.org/x/sync v0.0.0-20190423024810-112230192c58/go.mod h1:RxMgew5VJxzue5/jJTE5uejpjVlOe/izrB70Jof72aM=
golang.org/x/sys v0.0.0-20190215142949-d0b11bdaac8a/go.mod h1:STP8DvDyc/dI5b8T5hshtkjS+E42TnysNCUPdjciGhY=
golang.org/x/sys v0.0.0-20190222072716-a9d3bda3a223/go.mod h1:STP8DvDyc/dI5b8T5hshtkjS+E42TnysNCUPdjciGhY=
golang.org/x/sys v0.0.0-20190412213103-97732733099d/go.mod h1:h1NjWce9XRLGQEsW7wpKNCjG9DtNlClVuFLEZdDNbEs=
golang.org/x/sys v0.0.0-20190813064441-fde4db37ae7a/go.mod h1:h1NjWce9XRLGQEsW7wpKNCjG9DtNlClVuFLEZdDNbEs=
golang.org/x/sys v0.0.0-20200116001909-b77594299b42/go.mod h1:h1NjWce9XRLGQEsW7wpKNCjG9DtNlClVuFLEZdDNbEs=
golang.org/x/sys v0.0.0-20200223170610-d5e6a3e2c0ae h1:/WDfKMnPU+m5M4xB+6x4kaepxRw6jWvR5iDRdvjHgy8=
golang.org/x/sys v0.0.0-20200223170610-d5e6a3e2c0ae/go.mod h1:h1NjWce9XRLGQEsW7wpKNCjG9DtNlClVuFLEZdDNbEs=
golang.org/x/text v0.3.0 h1:g61tztE5qeGQ89tm6NTjjM9VPIm088od1l6aSorWRWg=
golang.org/x/text v0.3.0/go.mod h1:NqM8EUOU14njkJ3fqMW+pc6Ldnwhi/IjpwHt7yyuwOQ=
golang.org/x/text v0.3.2 h1:tW2bmiBqwgJj/UpqtC8EpXEZVYOwU0yG4iWbprSVAcs=
golang.org/x/text v0.3.2/go.mod h1:bEr9sfX3Q8Zfm5fL9x+3itogRgK3+ptLWKqgva+5dAk=
golang.org/x/tools v0.0.0-20180917221912-90fa682c2a6e/go.mod h1:n7NCudcB/nEzxVGmLbDWY5pfWTLqBcC2KZ6jyYvM4mQ=
golang.org/x/tools v0.0.0-20190422233926-fe54fb35175b/go.mod h1:LCzVGOaR6xXOjkQ3onu1FJEFr0SW1gC7cKk1uF8kGRs=
golang.org/x/tools v0.0.0-20190425163242-31fd60d6bfdc/go.mod h1:RgjU9mgBXZiqYHBnxXauZ1Gv1EHHAz9KjViQ78xBX0Q=
golang.org/x/tools v0.0.0-20190828213141-aed303cbaa74 h1:4cFkmztxtMslUX2SctSl+blCyXfpzhGOy9LhKAqSMA4=
golang.org/x/tools v0.0.0-20190828213141-aed303cbaa74/go.mod h1:b+2E5dAYhXwXZwtnZ6UAqBI28+e2cm9otk0dWdXHAEo=
golang.org/x/xerrors v0.0.0-20190717185122-a985d3407aa7/go.mod h1:I/5z698sn9Ka8TeJc9MKroUUfqBBauWjQqLJ2OPfmY0=
gopkg.in/check.v1 v0.0.0-20161208181325-20d25e280405/go.mod h1:Co6ibVJAznAaIkqp8huTwlJQCZ016jof/cbN4VW5Yz0=
gopkg.in/check.v1 v0.0.0-20161208181325-20d25e280405/go.mod h1:Co6ibVJAznAaIkqp8huTwlJQCZ016jof/cbN4VW5Yz0=
gopkg.in/check.v1 v1.0.0-20190902080502-41f04d3bba15 h1:YR8cESwS4TdDjEe65xsg0ogRM/Nc3DYOhEAlW+xobZo=
gopkg.in/check.v1 v1.0.0-20190902080502-41f04d3bba15/go.mod h1:Co6ibVJAznAaIkqp8huTwlJQCZ016jof/cbN4VW5Yz0=
gopkg.in/check.v1 v1.0.0-20190902080502-41f04d3bba15/go.mod h1:Co6ibVJAznAaIkqp8huTwlJQCZ016jof/cbN4VW5Yz0=
gopkg.in/yaml.v2 v2.2.2/go.mod h1:hI93XBmqTisBFMUTm0b8Fm+jr3Dg1NNxqwp+5A1VGuI=
gopkg.in/yaml.v2 v2.2.2/go.mod h1:hI93XBmqTisBFMUTm0b8Fm+jr3Dg1NNxqwp+5A1VGuI=
gopkg.in/yaml.v2 v2.2.5 h1:ymVxjfMaHvXD8RqPRmzHHsB3VvucivSkIAvJFDI5O3c=
gopkg.in/yaml.v2 v2.2.5/go.mod h1:hI93XBmqTisBFMUTm0b8Fm+jr3Dg1NNxqwp+5A1VGuI=
gopkg.in/yaml.v2 v2.2.8/go.mod h1:hI93XBmqTisBFMUTm0b8Fm+jr3Dg1NNxqwp+5A1VGuI=
